
Microsoft Visual Studio Solution File, Format Version 12.00
# Visual Studio Version 17
VisualStudioVersion = 17.0.31903.59
MinimumVisualStudioVersion = 10.0.40219.1
Project("{FAE04EC0-301F-11D3-BF4B-00C04F79EFBC}") = "Api", "Api\Api.csproj", "{AFE63C72-722F-4450-BAEB-99892445AF8E}"
EndProject
Project("{FAE04EC0-301F-11D3-BF4B-00C04F79EFBC}") = "Api.Tests", "Api.Tests\Api.Tests.csproj", "{23560892-86E2-44D8-9AD2-C89B62A4AB48}"
EndProject
Global
	GlobalSection(SolutionConfigurationPlatforms) = preSolution
		Debug|Any CPU = Debug|Any CPU
		Release|Any CPU = Release|Any CPU
	EndGlobalSection
	GlobalSection(SolutionProperties) = preSolution
		HideSolutionNode = FALSE
	EndGlobalSection
	GlobalSection(ProjectConfigurationPlatforms) = postSolution
		{AFE63C72-722F-4450-BAEB-99892445AF8E}.Debug|Any CPU.ActiveCfg = Debug|Any CPU
		{AFE63C72-722F-4450-BAEB-99892445AF8E}.Debug|Any CPU.Build.0 = Debug|Any CPU
		{AFE63C72-722F-4450-BAEB-99892445AF8E}.Release|Any CPU.ActiveCfg = Release|Any CPU
		{AFE63C72-722F-4450-BAEB-99892445AF8E}.Release|Any CPU.Build.0 = Release|Any CPU
		{23560892-86E2-44D8-9AD2-C89B62A4AB48}.Debug|Any CPU.ActiveCfg = Debug|Any CPU
		{23560892-86E2-44D8-9AD2-C89B62A4AB48}.Debug|Any CPU.Build.0 = Debug|Any CPU
		{23560892-86E2-44D8-9AD2-C89B62A4AB48}.Release|Any CPU.ActiveCfg = Release|Any CPU
		{23560892-86E2-44D8-9AD2-C89B62A4AB48}.Release|Any CPU.Build.0 = Release|Any CPU
	EndGlobalSection
EndGlobal
